// !$*UTF8*$!
{
	archiveVersion = 1;
	classes = {
	};
	objectVersion = 55;
	objects = {

/* Begin PBXBuildFile section */
		0A1BCC2B283FA97300D868CD /* AppDelegate.swift in Sources */ = {isa = PBXBuildFile; fileRef = 0A1BCC2A283FA97300D868CD /* AppDelegate.swift */; };
		0A1BCC2D283FA97300D868CD /* SceneDelegate.swift in Sources */ = {isa = PBXBuildFile; fileRef = 0A1BCC2C283FA97300D868CD /* SceneDelegate.swift */; };
		0A1BCC2F283FA97300D868CD /* BooksVC.swift in Sources */ = {isa = PBXBuildFile; fileRef = 0A1BCC2E283FA97300D868CD /* BooksVC.swift */; };
		0A1BCC32283FA97300D868CD /* Main.storyboard in Resources */ = {isa = PBXBuildFile; fileRef = 0A1BCC30283FA97300D868CD /* Main.storyboard */; };
		0A1BCC34283FA97300D868CD /* Assets.xcassets in Resources */ = {isa = PBXBuildFile; fileRef = 0A1BCC33283FA97300D868CD /* Assets.xcassets */; };
		0A1BCC37283FA97300D868CD /* LaunchScreen.storyboard in Resources */ = {isa = PBXBuildFile; fileRef = 0A1BCC35283FA97300D868CD /* LaunchScreen.storyboard */; };
		0A1BCC48283FE2F000D868CD /* BooksTVC.swift in Sources */ = {isa = PBXBuildFile; fileRef = 0A1BCC46283FE2F000D868CD /* BooksTVC.swift */; };
		0A1BCC49283FE2F000D868CD /* BooksTVC.xib in Resources */ = {isa = PBXBuildFile; fileRef = 0A1BCC47283FE2F000D868CD /* BooksTVC.xib */; };
		0A1BCC4B283FE34000D868CD /* Books.swift in Sources */ = {isa = PBXBuildFile; fileRef = 0A1BCC4A283FE34000D868CD /* Books.swift */; };
		0A1BCC4F283FE3BA00D868CD /* DescriptionVC.swift in Sources */ = {isa = PBXBuildFile; fileRef = 0A1BCC4E283FE3BA00D868CD /* DescriptionVC.swift */; };
		0A1BCC51283FE3F400D868CD /* DescriptionCVC.swift in Sources */ = {isa = PBXBuildFile; fileRef = 0A1BCC50283FE3F400D868CD /* DescriptionCVC.swift */; };
		0A1BCC55283FE46700D868CD /* ImageScrollView.swift in Sources */ = {isa = PBXBuildFile; fileRef = 0A1BCC54283FE46700D868CD /* ImageScrollView.swift */; };
		0A1BCC57283FE4C200D868CD /* PageVC.swift in Sources */ = {isa = PBXBuildFile; fileRef = 0A1BCC56283FE4C200D868CD /* PageVC.swift */; };
		0A1BCC59283FE4E700D868CD /* ImageVC.swift in Sources */ = {isa = PBXBuildFile; fileRef = 0A1BCC58283FE4E700D868CD /* ImageVC.swift */; };
		0A1BCC5B283FE52600D868CD /* LocalService.swift in Sources */ = {isa = PBXBuildFile; fileRef = 0A1BCC5A283FE52600D868CD /* LocalService.swift */; };
		0A1BCC5D283FE6C000D868CD /* resource.json in Resources */ = {isa = PBXBuildFile; fileRef = 0A1BCC5C283FE6C000D868CD /* resource.json */; };
/* End PBXBuildFile section */

/* Begin PBXFileReference section */
		0A1BCC27283FA97300D868CD /* BookReview.app */ = {isa = PBXFileReference; explicitFileType = wrapper.application; includeInIndex = 0; path = BookReview.app; sourceTree = BUILT_PRODUCTS_DIR; };
		0A1BCC2A283FA97300D868CD /* AppDelegate.swift */ = {isa = PBXFileReference; lastKnownFileType = sourcecode.swift; path = AppDelegate.swift; sourceTree = "<group>"; };
		0A1BCC2C283FA97300D868CD /* SceneDelegate.swift */ = {isa = PBXFileReference; lastKnownFileType = sourcecode.swift; path = SceneDelegate.swift; sourceTree = "<group>"; };
		0A1BCC2E283FA97300D868CD /* BooksVC.swift */ = {isa = PBXFileReference; lastKnownFileType = sourcecode.swift; path = BooksVC.swift; sourceTree = "<group>"; };
		0A1BCC31283FA97300D868CD /* Base */ = {isa = PBXFileReference; lastKnownFileType = file.storyboard; name = Base; path = Base.lproj/Main.storyboard; sourceTree = "<group>"; };
		0A1BCC33283FA97300D868CD /* Assets.xcassets */ = {isa = PBXFileReference; lastKnownFileType = folder.assetcatalog; path = Assets.xcassets; sourceTree = "<group>"; };
		0A1BCC36283FA97300D868CD /* Base */ = {isa = PBXFileReference; lastKnownFileType = file.storyboard; name = Base; path = Base.lproj/LaunchScreen.storyboard; sourceTree = "<group>"; };
		0A1BCC38283FA97300D868CD /* Info.plist */ = {isa = PBXFileReference; lastKnownFileType = text.plist.xml; path = Info.plist; sourceTree = "<group>"; };
		0A1BCC46283FE2F000D868CD /* BooksTVC.swift */ = {isa = PBXFileReference; lastKnownFileType = sourcecode.swift; path = BooksTVC.swift; sourceTree = "<group>"; };
		0A1BCC47283FE2F000D868CD /* BooksTVC.xib */ = {isa = PBXFileReference; lastKnownFileType = file.xib; path = BooksTVC.xib; sourceTree = "<group>"; };
		0A1BCC4A283FE34000D868CD /* Books.swift */ = {isa = PBXFileReference; lastKnownFileType = sourcecode.swift; path = Books.swift; sourceTree = "<group>"; };
		0A1BCC4E283FE3BA00D868CD /* DescriptionVC.swift */ = {isa = PBXFileReference; lastKnownFileType = sourcecode.swift; path = DescriptionVC.swift; sourceTree = "<group>"; };
		0A1BCC50283FE3F400D868CD /* DescriptionCVC.swift */ = {isa = PBXFileReference; lastKnownFileType = sourcecode.swift; path = DescriptionCVC.swift; sourceTree = "<group>"; };
		0A1BCC54283FE46700D868CD /* ImageScrollView.swift */ = {isa = PBXFileReference; lastKnownFileType = sourcecode.swift; path = ImageScrollView.swift; sourceTree = "<group>"; };
		0A1BCC56283FE4C200D868CD /* PageVC.swift */ = {isa = PBXFileReference; lastKnownFileType = sourcecode.swift; path = PageVC.swift; sourceTree = "<group>"; };
		0A1BCC58283FE4E700D868CD /* ImageVC.swift */ = {isa = PBXFileReference; lastKnownFileType = sourcecode.swift; path = ImageVC.swift; sourceTree = "<group>"; };
		0A1BCC5A283FE52600D868CD /* LocalService.swift */ = {isa = PBXFileReference; lastKnownFileType = sourcecode.swift; path = LocalService.swift; sourceTree = "<group>"; };
		0A1BCC5C283FE6C000D868CD /* resource.json */ = {isa = PBXFileReference; fileEncoding = 4; lastKnownFileType = text.json; path = resource.json; sourceTree = "<group>"; };
/* End PBXFileReference section */

/* Begin PBXFrameworksBuildPhase section */
		0A1BCC24283FA97300D868CD /* Frameworks */ = {
			isa = PBXFrameworksBuildPhase;
			buildActionMask = 2147483647;
			files = (
			);
			runOnlyForDeploymentPostprocessing = 0;
		};
/* End PBXFrameworksBuildPhase section */

/* Begin PBXGroup section */
		0A1BCC1E283FA97300D868CD = {
			isa = PBXGroup;
			children = (
				0A1BCC29283FA97300D868CD /* BookReview */,
				0A1BCC28283FA97300D868CD /* Products */,
			);
			sourceTree = "<group>";
		};
		0A1BCC28283FA97300D868CD /* Products */ = {
			isa = PBXGroup;
			children = (
				0A1BCC27283FA97300D868CD /* BookReview.app */,
			);
			name = Products;
			sourceTree = "<group>";
		};
		0A1BCC29283FA97300D868CD /* BookReview */ = {
			isa = PBXGroup;
			children = (
				0A1BCC42283FE28A00D868CD /* Resource */,
				0A1BCC41283FE27A00D868CD /* LocalService */,
				0A1BCC40283FE27300D868CD /* Pages */,
				0A1BCC3F283FE26400D868CD /* Description */,
				0A1BCC3E283FE25900D868CD /* Book list */,
				0A1BCC2A283FA97300D868CD /* AppDelegate.swift */,
				0A1BCC2C283FA97300D868CD /* SceneDelegate.swift */,
				0A1BCC30283FA97300D868CD /* Main.storyboard */,
				0A1BCC33283FA97300D868CD /* Assets.xcassets */,
				0A1BCC35283FA97300D868CD /* LaunchScreen.storyboard */,
				0A1BCC38283FA97300D868CD /* Info.plist */,
			);
			path = BookReview;
			sourceTree = "<group>";
		};
		0A1BCC3E283FE25900D868CD /* Book list */ = {
			isa = PBXGroup;
			children = (
				0A1BCC45283FE2B100D868CD /* Controller */,
				0A1BCC44283FE2A600D868CD /* View */,
				0A1BCC43283FE29D00D868CD /* Model */,
			);
			path = "Book list";
			sourceTree = "<group>";
		};
		0A1BCC3F283FE26400D868CD /* Description */ = {
			isa = PBXGroup;
			children = (
				0A1BCC4D283FE38200D868CD /* Controller */,
				0A1BCC4C283FE37A00D868CD /* View */,
			);
			path = Description;
			sourceTree = "<group>";
		};
		0A1BCC40283FE27300D868CD /* Pages */ = {
			isa = PBXGroup;
			children = (
				0A1BCC53283FE42000D868CD /* Controller */,
				0A1BCC52283FE41B00D868CD /* View */,
			);
			path = Pages;
			sourceTree = "<group>";
		};
		0A1BCC41283FE27A00D868CD /* LocalService */ = {
			isa = PBXGroup;
			children = (
				0A1BCC5A283FE52600D868CD /* LocalService.swift */,
			);
			path = LocalService;
			sourceTree = "<group>";
		};
		0A1BCC42283FE28A00D868CD /* Resource */ = {
			isa = PBXGroup;
			children = (
				0A1BCC5C283FE6C000D868CD /* resource.json */,
			);
			path = Resource;
			sourceTree = "<group>";
		};
		0A1BCC43283FE29D00D868CD /* Model */ = {
			isa = PBXGroup;
			children = (
				0A1BCC4A283FE34000D868CD /* Books.swift */,
			);
			path = Model;
			sourceTree = "<group>";
		};
		0A1BCC44283FE2A600D868CD /* View */ = {
			isa = PBXGroup;
			children = (
				0A1BCC46283FE2F000D868CD /* BooksTVC.swift */,
				0A1BCC47283FE2F000D868CD /* BooksTVC.xib */,
			);
			path = View;
			sourceTree = "<group>";
		};
		0A1BCC45283FE2B100D868CD /* Controller */ = {
			isa = PBXGroup;
			children = (
				0A1BCC2E283FA97300D868CD /* BooksVC.swift */,
			);
			path = Controller;
			sourceTree = "<group>";
		};
		0A1BCC4C283FE37A00D868CD /* View */ = {
			isa = PBXGroup;
			children = (
				0A1BCC50283FE3F400D868CD /* DescriptionCVC.swift */,
			);
			path = View;
			sourceTree = "<group>";
		};
		0A1BCC4D283FE38200D868CD /* Controller */ = {
			isa = PBXGroup;
			children = (
				0A1BCC4E283FE3BA00D868CD /* DescriptionVC.swift */,
			);
			path = Controller;
			sourceTree = "<group>";
		};
		0A1BCC52283FE41B00D868CD /* View */ = {
			isa = PBXGroup;
			children = (
				0A1BCC54283FE46700D868CD /* ImageScrollView.swift */,
			);
			path = View;
			sourceTree = "<group>";
		};
		0A1BCC53283FE42000D868CD /* Controller */ = {
			isa = PBXGroup;
			children = (
				0A1BCC56283FE4C200D868CD /* PageVC.swift */,
				0A1BCC58283FE4E700D868CD /* ImageVC.swift */,
			);
			path = Controller;
			sourceTree = "<group>";
		};
/* End PBXGroup section */

/* Begin PBXNativeTarget section */
		0A1BCC26283FA97300D868CD /* BookReview */ = {
			isa = PBXNativeTarget;
			buildConfigurationList = 0A1BCC3B283FA97300D868CD /* Build configuration list for PBXNativeTarget "BookReview" */;
			buildPhases = (
				0A1BCC23283FA97300D868CD /* Sources */,
				0A1BCC24283FA97300D868CD /* Frameworks */,
				0A1BCC25283FA97300D868CD /* Resources */,
			);
			buildRules = (
			);
			dependencies = (
			);
			name = BookReview;
			productName = BookReview;
			productReference = 0A1BCC27283FA97300D868CD /* BookReview.app */;
			productType = "com.apple.product-type.application";
		};
/* End PBXNativeTarget section */

/* Begin PBXProject section */
		0A1BCC1F283FA97300D868CD /* Project object */ = {
			isa = PBXProject;
			attributes = {
				BuildIndependentTargetsInParallel = 1;
				LastSwiftUpdateCheck = 1340;
				LastUpgradeCheck = 1340;
				TargetAttributes = {
					0A1BCC26283FA97300D868CD = {
						CreatedOnToolsVersion = 13.4;
					};
				};
			};
			buildConfigurationList = 0A1BCC22283FA97300D868CD /* Build configuration list for PBXProject "BookReview" */;
			compatibilityVersion = "Xcode 13.0";
			developmentRegion = en;
			hasScannedForEncodings = 0;
			knownRegions = (
				en,
				Base,
			);
			mainGroup = 0A1BCC1E283FA97300D868CD;
			productRefGroup = 0A1BCC28283FA97300D868CD /* Products */;
			projectDirPath = "";
			projectRoot = "";
			targets = (
				0A1BCC26283FA97300D868CD /* BookReview */,
			);
		};
/* End PBXProject section */

/* Begin PBXResourcesBuildPhase section */
		0A1BCC25283FA97300D868CD /* Resources */ = {
			isa = PBXResourcesBuildPhase;
			buildActionMask = 2147483647;
			files = (
				0A1BCC49283FE2F000D868CD /* BooksTVC.xib in Resources */,
				0A1BCC37283FA97300D868CD /* LaunchScreen.storyboard in Resources */,
				0A1BCC5D283FE6C000D868CD /* resource.json in Resources */,
				0A1BCC34283FA97300D868CD /* Assets.xcassets in Resources */,
				0A1BCC32283FA97300D868CD /* Main.storyboard in Resources */,
			);
			runOnlyForDeploymentPostprocessing = 0;
		};
/* End PBXResourcesBuildPhase section */

/* Begin PBXSourcesBuildPhase section */
		0A1BCC23283FA97300D868CD /* Sources */ = {
			isa = PBXSourcesBuildPhase;
			buildActionMask = 2147483647;
			files = (
				0A1BCC48283FE2F000D868CD /* BooksTVC.swift in Sources */,
				0A1BCC4F283FE3BA00D868CD /* DescriptionVC.swift in Sources */,
				0A1BCC59283FE4E700D868CD /* ImageVC.swift in Sources */,
				0A1BCC2F283FA97300D868CD /* BooksVC.swift in Sources */,
				0A1BCC51283FE3F400D868CD /* DescriptionCVC.swift in Sources */,
				0A1BCC2B283FA97300D868CD /* AppDelegate.swift in Sources */,
				0A1BCC55283FE46700D868CD /* ImageScrollView.swift in Sources */,
				0A1BCC2D283FA97300D868CD /* SceneDelegate.swift in Sources */,
				0A1BCC57283FE4C200D868CD /* PageVC.swift in Sources */,
				0A1BCC5B283FE52600D868CD /* LocalService.swift in Sources */,
				0A1BCC4B283FE34000D868CD /* Books.swift in Sources */,
			);
			runOnlyForDeploymentPostprocessing = 0;
		};
/* End PBXSourcesBuildPhase section */

/* Begin PBXVariantGroup section */
		0A1BCC30283FA97300D868CD /* Main.storyboard */ = {
			isa = PBXVariantGroup;
			children = (
				0A1BCC31283FA97300D868CD /* Base */,
			);
			name = Main.storyboard;
			sourceTree = "<group>";
		};
		0A1BCC35283FA97300D868CD /* LaunchScreen.storyboard */ = {
			isa = PBXVariantGroup;
			children = (
				0A1BCC36283FA97300D868CD /* Base */,
			);
			name = LaunchScreen.storyboard;
			sourceTree = "<group>";
		};
/* End PBXVariantGroup section */

/* Begin XCBuildConfiguration section */
		0A1BCC39283FA97300D868CD /* Debug */ = {
			isa = XCBuildConfiguration;
			buildSettings = {
				ALWAYS_SEARCH_USER_PATHS = NO;
				CLANG_ANALYZER_NONNULL = YES;
				CLANG_ANALYZER_NUMBER_OBJECT_CONVERSION = YES_AGGRESSIVE;
				CLANG_CXX_LANGUAGE_STANDARD = "gnu++17";
				CLANG_ENABLE_MODULES = YES;
				CLANG_ENABLE_OBJC_ARC = YES;
				CLANG_ENABLE_OBJC_WEAK = YES;
				CLANG_WARN_BLOCK_CAPTURE_AUTORELEASING = YES;
				CLANG_WARN_BOOL_CONVERSION = YES;
				CLANG_WARN_COMMA = YES;
				CLANG_WARN_CONSTANT_CONVERSION = YES;
				CLANG_WARN_DEPRECATED_OBJC_IMPLEMENTATIONS = YES;
				CLANG_WARN_DIRECT_OBJC_ISA_USAGE = YES_ERROR;
				CLANG_WARN_DOCUMENTATION_COMMENTS = YES;
				CLANG_WARN_EMPTY_BODY = YES;
				CLANG_WARN_ENUM_CONVERSION = YES;
				CLANG_WARN_INFINITE_RECURSION = YES;
				CLANG_WARN_INT_CONVERSION = YES;
				CLANG_WARN_NON_LITERAL_NULL_CONVERSION = YES;
				CLANG_WARN_OBJC_IMPLICIT_RETAIN_SELF = YES;
				CLANG_WARN_OBJC_LITERAL_CONVERSION = YES;
				CLANG_WARN_OBJC_ROOT_CLASS = YES_ERROR;
				CLANG_WARN_QUOTED_INCLUDE_IN_FRAMEWORK_HEADER = YES;
				CLANG_WARN_RANGE_LOOP_ANALYSIS = YES;
				CLANG_WARN_STRICT_PROTOTYPES = YES;
				CLANG_WARN_SUSPICIOUS_MOVE = YES;
				CLANG_WARN_UNGUARDED_AVAILABILITY = YES_AGGRESSIVE;
				CLANG_WARN_UNREACHABLE_CODE = YES;
				CLANG_WARN__DUPLICATE_METHOD_MATCH = YES;
				COPY_PHASE_STRIP = NO;
				DEBUG_INFORMATION_FORMAT = dwarf;
				ENABLE_STRICT_OBJC_MSGSEND = YES;
				ENABLE_TESTABILITY = YES;
				GCC_C_LANGUAGE_STANDARD = gnu11;
				GCC_DYNAMIC_NO_PIC = NO;
				GCC_NO_COMMON_BLOCKS = YES;
				GCC_OPTIMIZATION_LEVEL = 0;
				GCC_PREPROCESSOR_DEFINITIONS = (
					"DEBUG=1",
					"$(inherited)",
				);
				GCC_WARN_64_TO_32_BIT_CONVERSION = YES;
				GCC_WARN_ABOUT_RETURN_TYPE = YES_ERROR;
				GCC_WARN_UNDECLARED_SELECTOR = YES;
				GCC_WARN_UNINITIALIZED_AUTOS = YES_AGGRESSIVE;
				GCC_WARN_UNUSED_FUNCTION = YES;
				GCC_WARN_UNUSED_VARIABLE = YES;
				IPHONEOS_DEPLOYMENT_TARGET = 15.5;
				MTL_ENABLE_DEBUG_INFO = INCLUDE_SOURCE;
				MTL_FAST_MATH = YES;
				ONLY_ACTIVE_ARCH = YES;
				SDKROOT = iphoneos;
				SWIFT_ACTIVE_COMPILATION_CONDITIONS = DEBUG;
				SWIFT_OPTIMIZATION_LEVEL = "-Onone";
			};
			name = Debug;
		};
		0A1BCC3A283FA97300D868CD /* Release */ = {
			isa = XCBuildConfiguration;
			buildSettings = {
				ALWAYS_SEARCH_USER_PATHS = NO;
				CLANG_ANALYZER_NONNULL = YES;
				CLANG_ANALYZER_NUMBER_OBJECT_CONVERSION = YES_AGGRESSIVE;
				CLANG_CXX_LANGUAGE_STANDARD = "gnu++17";
				CLANG_ENABLE_MODULES = YES;
				CLANG_ENABLE_OBJC_ARC = YES;
				CLANG_ENABLE_OBJC_WEAK = YES;
				CLANG_WARN_BLOCK_CAPTURE_AUTORELEASING = YES;
				CLANG_WARN_BOOL_CONVERSION = YES;
				CLANG_WARN_COMMA = YES;
				CLANG_WARN_CONSTANT_CONVERSION = YES;
				CLANG_WARN_DEPRECATED_OBJC_IMPLEMENTATIONS = YES;
				CLANG_WARN_DIRECT_OBJC_ISA_USAGE = YES_ERROR;
				CLANG_WARN_DOCUMENTATION_COMMENTS = YES;
				CLANG_WARN_EMPTY_BODY = YES;
				CLANG_WARN_ENUM_CONVERSION = YES;
				CLANG_WARN_INFINITE_RECURSION = YES;
				CLANG_WARN_INT_CONVERSION = YES;
				CLANG_WARN_NON_LITERAL_NULL_CONVERSION = YES;
				CLANG_WARN_OBJC_IMPLICIT_RETAIN_SELF = YES;
				CLANG_WARN_OBJC_LITERAL_CONVERSION = YES;
				CLANG_WARN_OBJC_ROOT_CLASS = YES_ERROR;
				CLANG_WARN_QUOTED_INCLUDE_IN_FRAMEWORK_HEADER = YES;
				CLANG_WARN_RANGE_LOOP_ANALYSIS = YES;
				CLANG_WARN_STRICT_PROTOTYPES = YES;
				CLANG_WARN_SUSPICIOUS_MOVE = YES;
				CLANG_WARN_UNGUARDED_AVAILABILITY = YES_AGGRESSIVE;
				CLANG_WARN_UNREACHABLE_CODE = YES;
				CLANG_WARN__DUPLICATE_METHOD_MATCH = YES;
				COPY_PHASE_STRIP = NO;
				DEBUG_INFORMATION_FORMAT = "dwarf-with-dsym";
				ENABLE_NS_ASSERTIONS = NO;
				ENABLE_STRICT_OBJC_MSGSEND = YES;
				GCC_C_LANGUAGE_STANDARD = gnu11;
				GCC_NO_COMMON_BLOCKS = YES;
				GCC_WARN_64_TO_32_BIT_CONVERSION = YES;
				GCC_WARN_ABOUT_RETURN_TYPE = YES_ERROR;
				GCC_WARN_UNDECLARED_SELECTOR = YES;
				GCC_WARN_UNINITIALIZED_AUTOS = YES_AGGRESSIVE;
				GCC_WARN_UNUSED_FUNCTION = YES;
				GCC_WARN_UNUSED_VARIABLE = YES;
				IPHONEOS_DEPLOYMENT_TARGET = 15.5;
				MTL_ENABLE_DEBUG_INFO = NO;
				MTL_FAST_MATH = YES;
				SDKROOT = iphoneos;
				SWIFT_COMPILATION_MODE = wholemodule;
				SWIFT_OPTIMIZATION_LEVEL = "-O";
				VALIDATE_PRODUCT = YES;
			};
			name = Release;
		};
		0A1BCC3C283FA97300D868CD /* Debug */ = {
			isa = XCBuildConfiguration;
			buildSettings = {
				ASSETCATALOG_COMPILER_APPICON_NAME = AppIcon;
				ASSETCATALOG_COMPILER_GLOBAL_ACCENT_COLOR_NAME = AccentColor;
				CODE_SIGN_STYLE = Automatic;
				CURRENT_PROJECT_VERSION = 1;
				DEVELOPMENT_TEAM = HM795YG5L5;
				GENERATE_INFOPLIST_FILE = YES;
				INFOPLIST_FILE = BookReview/Info.plist;
				INFOPLIST_KEY_UIApplicationSupportsIndirectInputEvents = YES;
				INFOPLIST_KEY_UILaunchStoryboardName = LaunchScreen;
				INFOPLIST_KEY_UIMainStoryboardFile = Main;
				INFOPLIST_KEY_UISupportedInterfaceOrientations_iPad = "UIInterfaceOrientationPortrait UIInterfaceOrientationPortraitUpsideDown UIInterfaceOrientationLandscapeLeft UIInterfaceOrientationLandscapeRight";
				INFOPLIST_KEY_UISupportedInterfaceOrientations_iPhone = "UIInterfaceOrientationPortrait UIInterfaceOrientationLandscapeLeft UIInterfaceOrientationLandscapeRight";
				LD_RUNPATH_SEARCH_PATHS = (
					"$(inherited)",
					"@executable_path/Frameworks",
				);
				MARKETING_VERSION = 1.0;
				PRODUCT_BUNDLE_IDENTIFIER = alexanderGorelkin.BookReview;
				PRODUCT_NAME = "$(TARGET_NAME)";
				SWIFT_EMIT_LOC_STRINGS = YES;
				SWIFT_VERSION = 5.0;
				TARGETED_DEVICE_FAMILY = "1,2";
			};
			name = Debug;
		};
		0A1BCC3D283FA97300D868CD /* Release */ = {
			isa = XCBuildConfiguration;
			buildSettings = {
				ASSETCATALOG_COMPILER_APPICON_NAME = AppIcon;
				ASSETCATALOG_COMPILER_GLOBAL_ACCENT_COLOR_NAME = AccentColor;
				CODE_SIGN_STYLE = Automatic;
				CURRENT_PROJECT_VERSION = 1;
				DEVELOPMENT_TEAM = HM795YG5L5;
				GENERATE_INFOPLIST_FILE = YES;
				INFOPLIST_FILE = BookReview/Info.plist;
				INFOPLIST_KEY_UIApplicationSupportsIndirectInputEvents = YES;
				INFOPLIST_KEY_UILaunchStoryboardName = LaunchScreen;
				INFOPLIST_KEY_UIMainStoryboardFile = Main;
				INFOPLIST_KEY_UISupportedInterfaceOrientations_iPad = "UIInterfaceOrientationPortrait UIInterfaceOrientationPortraitUpsideDown UIInterfaceOrientationLandscapeLeft UIInterfaceOrientationLandscapeRight";
				INFOPLIST_KEY_UISupportedInterfaceOrientations_iPhone = "UIInterfaceOrientationPortrait UIInterfaceOrientationLandscapeLeft UIInterfaceOrientationLandscapeRight";
				LD_RUNPATH_SEARCH_PATHS = (
					"$(inherited)",
					"@executable_path/Frameworks",
				);
				MARKETING_VERSION = 1.0;
				PRODUCT_BUNDLE_IDENTIFIER = alexanderGorelkin.BookReview;
				PRODUCT_NAME = "$(TARGET_NAME)";
				SWIFT_EMIT_LOC_STRINGS = YES;
				SWIFT_VERSION = 5.0;
				TARGETED_DEVICE_FAMILY = "1,2";
			};
			name = Release;
		};
/* End XCBuildConfiguration section */

/* Begin XCConfigurationList section */
		0A1BCC22283FA97300D868CD /* Build configuration list for PBXProject "BookReview" */ = {
			isa = XCConfigurationList;
			buildConfigurations = (
				0A1BCC39283FA97300D868CD /* Debug */,
				0A1BCC3A283FA97300D868CD /* Release */,
			);
			defaultConfigurationIsVisible = 0;
			defaultConfigurationName = Release;
		};
		0A1BCC3B283FA97300D868CD /* Build configuration list for PBXNativeTarget "BookReview" */ = {
			isa = XCConfigurationList;
			buildConfigurations = (
				0A1BCC3C283FA97300D868CD /* Debug */,
				0A1BCC3D283FA97300D868CD /* Release */,
			);
			defaultConfigurationIsVisible = 0;
			defaultConfigurationName = Release;
		};
/* End XCConfigurationList section */
	};
	rootObject = 0A1BCC1F283FA97300D868CD /* Project object */;
}
